Microsoft Visual Studio Solution File, Format Version 12.00
# Visual Studio Version 17
VisualStudioVersion = 17.5.2.0
MinimumVisualStudioVersion = 10.0.40219.1
Project("{2150E333-8FDC-42A3-9474-1A3956D46DE8}") = "template", "template", "{B81DD640-40B3-2EBF-4088-4A2CAF1F9B56}"
EndProject
Project("{2150E333-8FDC-42A3-9474-1A3956D46DE8}") = "src", "src", "{5155612A-B8A9-2272-7F69-77BD72AF5FAC}"
EndProject
Project("{FAE04EC0-301F-11D3-BF4B-00C04F79EFBC}") = "Extensions", "template\src\Extensions.csproj", "{A1452338-67E5-F78D-A3EC-DF00AE94DDD1}"
EndProject
Global
	GlobalSection(SolutionConfigurationPlatforms) = preSolution
		Debug|Any CPU = Debug|Any CPU
		Release|Any CPU = Release|Any CPU
	EndGlobalSection
	GlobalSection(ProjectConfigurationPlatforms) = postSolution
		{A1452338-67E5-F78D-A3EC-DF00AE94DDD1}.Debug|Any CPU.ActiveCfg = Debug|Any CPU
		{A1452338-67E5-F78D-A3EC-DF00AE94DDD1}.Debug|Any CPU.Build.0 = Debug|Any CPU
		{A1452338-67E5-F78D-A3EC-DF00AE94DDD1}.Release|Any CPU.ActiveCfg = Release|Any CPU
		{A1452338-67E5-F78D-A3EC-DF00AE94DDD1}.Release|Any CPU.Build.0 = Release|Any CPU
	EndGlobalSection
	GlobalSection(SolutionProperties) = preSolution
		HideSolutionNode = FALSE
	EndGlobalSection
	GlobalSection(NestedProjects) = preSolution
		{5155612A-B8A9-2272-7F69-77BD72AF5FAC} = {B81DD640-40B3-2EBF-4088-4A2CAF1F9B56}
		{A1452338-67E5-F78D-A3EC-DF00AE94DDD1} = {5155612A-B8A9-2272-7F69-77BD72AF5FAC}
	EndGlobalSection
	GlobalSection(ExtensibilityGlobals) = postSolution
		SolutionGuid = {EBFB49D2-D8AF-404A-AE77-6B22CCD82BDC}
	EndGlobalSection
EndGlobal
